
Microsoft Visual Studio Solution File, Format Version 12.00
# Visual Studio Version 17
VisualStudioVersion = 17.13.35828.75 d17.13
MinimumVisualStudioVersion = 10.0.40219.1
Project("{FAE04EC0-301F-11D3-BF4B-00C04F79EFBC}") = "SistemaDeBiblioteca", "SistemaDeBiblioteca\SistemaDeBiblioteca.csproj", "{F50E0B6D-AC4E-4A01-A7E0-DA84CEDD501F}"
EndProject
Global
	GlobalSection(SolutionConfigurationPlatforms) = preSolution
		Debug|Any CPU = Debug|Any CPU
		Release|Any CPU = Release|Any CPU
	EndGlobalSection
	GlobalSection(ProjectConfigurationPlatforms) = postSolution
		{F50E0B6D-AC4E-4A01-A7E0-DA84CEDD501F}.Debug|Any CPU.ActiveCfg = Debug|Any CPU
		{F50E0B6D-AC4E-4A01-A7E0-DA84CEDD501F}.Debug|Any CPU.Build.0 = Debug|Any CPU
		{F50E0B6D-AC4E-4A01-A7E0-DA84CEDD501F}.Release|Any CPU.ActiveCfg = Release|Any CPU
		{F50E0B6D-AC4E-4A01-A7E0-DA84CEDD501F}.Release|Any CPU.Build.0 = Release|Any CPU
	EndGlobalSection
	GlobalSection(SolutionProperties) = preSolution
		HideSolutionNode = FALSE
	EndGlobalSection
	GlobalSection(ExtensibilityGlobals) = postSolution
		SolutionGuid = {0BD8EF6D-1559-483B-91F7-3171E972EE76}
	EndGlobalSection
EndGlobal
